
Microsoft Visual Studio Solution File, Format Version 12.00
# Visual Studio Version 17
VisualStudioVersion = 17.7.34031.279
MinimumVisualStudioVersion = 10.0.40219.1
Project("{FAE04EC0-301F-11D3-BF4B-00C04F79EFBC}") = "Libreria1", "Libreria1\Libreria1.csproj", "{C226A810-10D5-4BFA-8E1A-1C5CCDEB072F}"
EndProject
Global
	GlobalSection(SolutionConfigurationPlatforms) = preSolution
		Debug|Any CPU = Debug|Any CPU
		Release|Any CPU = Release|Any CPU
	EndGlobalSection
	GlobalSection(ProjectConfigurationPlatforms) = postSolution
		{C226A810-10D5-4BFA-8E1A-1C5CCDEB072F}.Debug|Any CPU.ActiveCfg = Debug|Any CPU
		{C226A810-10D5-4BFA-8E1A-1C5CCDEB072F}.Debug|Any CPU.Build.0 = Debug|Any CPU
		{C226A810-10D5-4BFA-8E1A-1C5CCDEB072F}.Release|Any CPU.ActiveCfg = Release|Any CPU
		{C226A810-10D5-4BFA-8E1A-1C5CCDEB072F}.Release|Any CPU.Build.0 = Release|Any CPU
	EndGlobalSection
	GlobalSection(SolutionProperties) = preSolution
		HideSolutionNode = FALSE
	EndGlobalSection
	GlobalSection(ExtensibilityGlobals) = postSolution
		SolutionGuid = {6A346CD3-133F-411A-9410-86731070767B}
	EndGlobalSection
EndGlobal
